
Microsoft Visual Studio Solution File, Format Version 12.00
Project("{FAE04EC0-301F-11D3-BF4B-00C04F79EFBC}") = "LinqExercises", "LinqExercises\LinqExercises.csproj", "{4018163B-C4D9-4893-9B7A-1B0A8E10C72B}"
EndProject
Global
	GlobalSection(SolutionConfigurationPlatforms) = preSolution
		Debug|Any CPU = Debug|Any CPU
		Release|Any CPU = Release|Any CPU
	EndGlobalSection
	GlobalSection(ProjectConfigurationPlatforms) = postSolution
		{4018163B-C4D9-4893-9B7A-1B0A8E10C72B}.Debug|Any CPU.ActiveCfg = Debug|Any CPU
		{4018163B-C4D9-4893-9B7A-1B0A8E10C72B}.Debug|Any CPU.Build.0 = Debug|Any CPU
		{4018163B-C4D9-4893-9B7A-1B0A8E10C72B}.Release|Any CPU.ActiveCfg = Release|Any CPU
		{4018163B-C4D9-4893-9B7A-1B0A8E10C72B}.Release|Any CPU.Build.0 = Release|Any CPU
	EndGlobalSection
EndGlobal
